// !$*UTF8*$!
{
	archiveVersion = 1;
	classes = {
	};
	objectVersion = 55;
	objects = {

/* Begin PBXBuildFile section */
		AA0FE33527F23C7E0012BCBC /* Search.swift in Sources */ = {isa = PBXBuildFile; fileRef = AA0FE33427F23C7E0012BCBC /* Search.swift */; };
		AA0FE33727F245250012BCBC /* ResultsList.swift in Sources */ = {isa = PBXBuildFile; fileRef = AA0FE33627F245250012BCBC /* ResultsList.swift */; };
		AA0FE33A27F2470C0012BCBC /* Player.swift in Sources */ = {isa = PBXBuildFile; fileRef = AA0FE33927F2470C0012BCBC /* Player.swift */; };
		AA4A06CF27EF52720085B4A9 /* Music_RebornApp.swift in Sources */ = {isa = PBXBuildFile; fileRef = AA4A06CE27EF52720085B4A9 /* Music_RebornApp.swift */; };
		AA4A06D127EF52720085B4A9 /* ContentView.swift in Sources */ = {isa = PBXBuildFile; fileRef = AA4A06D027EF52720085B4A9 /* ContentView.swift */; };
		AA4A06D327EF52740085B4A9 /* Assets.xcassets in Resources */ = {isa = PBXBuildFile; fileRef = AA4A06D227EF52740085B4A9 /* Assets.xcassets */; };
		AA4A06D627EF52740085B4A9 /* Preview Assets.xcassets in Resources */ = {isa = PBXBuildFile; fileRef = AA4A06D527EF52740085B4A9 /* Preview Assets.xcassets */; };
		AA4A06E027EF55B50085B4A9 /* SDWebImageSwiftUI in Frameworks */ = {isa = PBXBuildFile; productRef = AA4A06DF27EF55B50085B4A9 /* SDWebImageSwiftUI */; };
		AA4A06E627EF55F70085B4A9 /* Alamofire in Frameworks */ = {isa = PBXBuildFile; productRef = AA4A06E527EF55F70085B4A9 /* Alamofire */; };
		AACB2B7C27F3B42B004BE478 /* YouTubeKit in Frameworks */ = {isa = PBXBuildFile; productRef = AACB2B7B27F3B42B004BE478 /* YouTubeKit */; };
/* End PBXBuildFile section */

/* Begin PBXFileReference section */
		AA0353A127F4E3E800DC5F94 /* PodTube.entitlements */ = {isa = PBXFileReference; lastKnownFileType = text.plist.entitlements; path = PodTube.entitlements; sourceTree = "<group>"; };
		AA0FE33427F23C7E0012BCBC /* Search.swift */ = {isa = PBXFileReference; lastKnownFileType = sourcecode.swift; path = Search.swift; sourceTree = "<group>"; };
		AA0FE33627F245250012BCBC /* ResultsList.swift */ = {isa = PBXFileReference; lastKnownFileType = sourcecode.swift; path = ResultsList.swift; sourceTree = "<group>"; };
		AA0FE33927F2470C0012BCBC /* Player.swift */ = {isa = PBXFileReference; lastKnownFileType = sourcecode.swift; path = Player.swift; sourceTree = "<group>"; };
		AA0FE33B27F24EF60012BCBC /* Music-Reborn-Info.plist */ = {isa = PBXFileReference; lastKnownFileType = text.plist; path = "Music-Reborn-Info.plist"; sourceTree = SOURCE_ROOT; };
		AA4A06CB27EF52720085B4A9 /* PodTube.app */ = {isa = PBXFileReference; explicitFileType = wrapper.application; includeInIndex = 0; path = PodTube.app; sourceTree = BUILT_PRODUCTS_DIR; };
		AA4A06CE27EF52720085B4A9 /* Music_RebornApp.swift */ = {isa = PBXFileReference; lastKnownFileType = sourcecode.swift; path = Music_RebornApp.swift; sourceTree = "<group>"; };
		AA4A06D027EF52720085B4A9 /* ContentView.swift */ = {isa = PBXFileReference; lastKnownFileType = sourcecode.swift; path = ContentView.swift; sourceTree = "<group>"; };
		AA4A06D227EF52740085B4A9 /* Assets.xcassets */ = {isa = PBXFileReference; lastKnownFileType = folder.assetcatalog; path = Assets.xcassets; sourceTree = "<group>"; };
		AA4A06D527EF52740085B4A9 /* Preview Assets.xcassets */ = {isa = PBXFileReference; lastKnownFileType = folder.assetcatalog; path = "Preview Assets.xcassets"; sourceTree = "<group>"; };
/* End PBXFileReference section */

/* Begin PBXFrameworksBuildPhase section */
		AA4A06C827EF52720085B4A9 /* Frameworks */ = {
			isa = PBXFrameworksBuildPhase;
			buildActionMask = 2147483647;
			files = (
				AA4A06E627EF55F70085B4A9 /* Alamofire in Frameworks */,
				AA4A06E027EF55B50085B4A9 /* SDWebImageSwiftUI in Frameworks */,
				AACB2B7C27F3B42B004BE478 /* YouTubeKit in Frameworks */,
			);
			runOnlyForDeploymentPostprocessing = 0;
		};
/* End PBXFrameworksBuildPhase section */

/* Begin PBXGroup section */
		AA0FE33227F23A7B0012BCBC /* Utils */ = {
			isa = PBXGroup;
			children = (
				AA0FE33327F23C720012BCBC /* API Structs */,
				AA0FE33627F245250012BCBC /* ResultsList.swift */,
			);
			path = Utils;
			sourceTree = "<group>";
		};
		AA0FE33327F23C720012BCBC /* API Structs */ = {
			isa = PBXGroup;
			children = (
				AA0FE33427F23C7E0012BCBC /* Search.swift */,
			);
			path = "API Structs";
			sourceTree = "<group>";
		};
		AA0FE33827F246FE0012BCBC /* Views */ = {
			isa = PBXGroup;
			children = (
				AA4A06D027EF52720085B4A9 /* ContentView.swift */,
				AA0FE33927F2470C0012BCBC /* Player.swift */,
			);
			path = Views;
			sourceTree = "<group>";
		};
		AA4A06C227EF52720085B4A9 = {
			isa = PBXGroup;
			children = (
				AA0353A127F4E3E800DC5F94 /* PodTube.entitlements */,
				AA4A06CD27EF52720085B4A9 /* Music Reborn */,
				AA4A06CC27EF52720085B4A9 /* Products */,
			);
			sourceTree = "<group>";
		};
		AA4A06CC27EF52720085B4A9 /* Products */ = {
			isa = PBXGroup;
			children = (
				AA4A06CB27EF52720085B4A9 /* PodTube.app */,
			);
			name = Products;
			sourceTree = "<group>";
		};
		AA4A06CD27EF52720085B4A9 /* Music Reborn */ = {
			isa = PBXGroup;
			children = (
				AA0FE33B27F24EF60012BCBC /* Music-Reborn-Info.plist */,
				AA4A06CE27EF52720085B4A9 /* Music_RebornApp.swift */,
				AA0FE33827F246FE0012BCBC /* Views */,
				AA0FE33227F23A7B0012BCBC /* Utils */,
				AA4A06D227EF52740085B4A9 /* Assets.xcassets */,
				AA4A06D427EF52740085B4A9 /* Preview Content */,
			);
			path = "Music Reborn";
			sourceTree = "<group>";
		};
		AA4A06D427EF52740085B4A9 /* Preview Content */ = {
			isa = PBXGroup;
			children = (
				AA4A06D527EF52740085B4A9 /* Preview Assets.xcassets */,
			);
			path = "Preview Content";
			sourceTree = "<group>";
		};
/* End PBXGroup section */

/* Begin PBXNativeTarget section */
		AA4A06CA27EF52720085B4A9 /* PodTube */ = {
			isa = PBXNativeTarget;
			buildConfigurationList = AA4A06D927EF52740085B4A9 /* Build configuration list for PBXNativeTarget "PodTube" */;
			buildPhases = (
				AA4A06C727EF52720085B4A9 /* Sources */,
				AA4A06C827EF52720085B4A9 /* Frameworks */,
				AA4A06C927EF52720085B4A9 /* Resources */,
			);
			buildRules = (
			);
			dependencies = (
			);
			name = PodTube;
			packageProductDependencies = (
				AA4A06DF27EF55B50085B4A9 /* SDWebImageSwiftUI */,
				AA4A06E527EF55F70085B4A9 /* Alamofire */,
				AACB2B7B27F3B42B004BE478 /* YouTubeKit */,
			);
			productName = "Music Reborn";
			productReference = AA4A06CB27EF52720085B4A9 /* PodTube.app */;
			productType = "com.apple.product-type.application";
		};
/* End PBXNativeTarget section */

/* Begin PBXProject section */
		AA4A06C327EF52720085B4A9 /* Project object */ = {
			isa = PBXProject;
			attributes = {
				BuildIndependentTargetsInParallel = 1;
				LastSwiftUpdateCheck = 1330;
				LastUpgradeCheck = 1330;
				TargetAttributes = {
					AA4A06CA27EF52720085B4A9 = {
						CreatedOnToolsVersion = 13.3;
					};
				};
			};
			buildConfigurationList = AA4A06C627EF52720085B4A9 /* Build configuration list for PBXProject "PodTube" */;
			compatibilityVersion = "Xcode 13.0";
			developmentRegion = en;
			hasScannedForEncodings = 0;
			knownRegions = (
				en,
				Base,
			);
			mainGroup = AA4A06C227EF52720085B4A9;
			packageReferences = (
				AA4A06DE27EF55B50085B4A9 /* XCRemoteSwiftPackageReference "SDWebImageSwiftUI" */,
				AA4A06E427EF55F70085B4A9 /* XCRemoteSwiftPackageReference "Alamofire" */,
				AACB2B7A27F3B42B004BE478 /* XCRemoteSwiftPackageReference "YouTubeKit" */,
			);
			productRefGroup = AA4A06CC27EF52720085B4A9 /* Products */;
			projectDirPath = "";
			projectRoot = "";
			targets = (
				AA4A06CA27EF52720085B4A9 /* PodTube */,
			);
		};
/* End PBXProject section */

/* Begin PBXResourcesBuildPhase section */
		AA4A06C927EF52720085B4A9 /* Resources */ = {
			isa = PBXResourcesBuildPhase;
			buildActionMask = 2147483647;
			files = (
				AA4A06D627EF52740085B4A9 /* Preview Assets.xcassets in Resources */,
				AA4A06D327EF52740085B4A9 /* Assets.xcassets in Resources */,
			);
			runOnlyForDeploymentPostprocessing = 0;
		};
/* End PBXResourcesBuildPhase section */

/* Begin PBXSourcesBuildPhase section */
		AA4A06C727EF52720085B4A9 /* Sources */ = {
			isa = PBXSourcesBuildPhase;
			buildActionMask = 2147483647;
			files = (
				AA4A06D127EF52720085B4A9 /* ContentView.swift in Sources */,
				AA0FE33527F23C7E0012BCBC /* Search.swift in Sources */,
				AA0FE33727F245250012BCBC /* ResultsList.swift in Sources */,
				AA0FE33A27F2470C0012BCBC /* Player.swift in Sources */,
				AA4A06CF27EF52720085B4A9 /* Music_RebornApp.swift in Sources */,
			);
			runOnlyForDeploymentPostprocessing = 0;
		};
/* End PBXSourcesBuildPhase section */

/* Begin XCBuildConfiguration section */
		AA4A06D727EF52740085B4A9 /* Debug */ = {
			isa = XCBuildConfiguration;
			buildSettings = {
				ALWAYS_SEARCH_USER_PATHS = NO;
				CLANG_ANALYZER_NONNULL = YES;
				CLANG_ANALYZER_NUMBER_OBJECT_CONVERSION = YES_AGGRESSIVE;
				CLANG_CXX_LANGUAGE_STANDARD = "gnu++17";
				CLANG_ENABLE_MODULES = YES;
				CLANG_ENABLE_OBJC_ARC = YES;
				CLANG_ENABLE_OBJC_WEAK = YES;
				CLANG_WARN_BLOCK_CAPTURE_AUTORELEASING = YES;
				CLANG_WARN_BOOL_CONVERSION = YES;
				CLANG_WARN_COMMA = YES;
				CLANG_WARN_CONSTANT_CONVERSION = YES;
				CLANG_WARN_DEPRECATED_OBJC_IMPLEMENTATIONS = YES;
				CLANG_WARN_DIRECT_OBJC_ISA_USAGE = YES_ERROR;
				CLANG_WARN_DOCUMENTATION_COMMENTS = YES;
				CLANG_WARN_EMPTY_BODY = YES;
				CLANG_WARN_ENUM_CONVERSION = YES;
				CLANG_WARN_INFINITE_RECURSION = YES;
				CLANG_WARN_INT_CONVERSION = YES;
				CLANG_WARN_NON_LITERAL_NULL_CONVERSION = YES;
				CLANG_WARN_OBJC_IMPLICIT_RETAIN_SELF = YES;
				CLANG_WARN_OBJC_LITERAL_CONVERSION = YES;
				CLANG_WARN_OBJC_ROOT_CLASS = YES_ERROR;
				CLANG_WARN_QUOTED_INCLUDE_IN_FRAMEWORK_HEADER = YES;
				CLANG_WARN_RANGE_LOOP_ANALYSIS = YES;
				CLANG_WARN_STRICT_PROTOTYPES = YES;
				CLANG_WARN_SUSPICIOUS_MOVE = YES;
				CLANG_WARN_UNGUARDED_AVAILABILITY = YES_AGGRESSIVE;
				CLANG_WARN_UNREACHABLE_CODE = YES;
				CLANG_WARN__DUPLICATE_METHOD_MATCH = YES;
				COPY_PHASE_STRIP = NO;
				DEBUG_INFORMATION_FORMAT = dwarf;
				ENABLE_STRICT_OBJC_MSGSEND = YES;
				ENABLE_TESTABILITY = YES;
				GCC_C_LANGUAGE_STANDARD = gnu11;
				GCC_DYNAMIC_NO_PIC = NO;
				GCC_NO_COMMON_BLOCKS = YES;
				GCC_OPTIMIZATION_LEVEL = 0;
				GCC_PREPROCESSOR_DEFINITIONS = (
					"DEBUG=1",
					"$(inherited)",
				);
				GCC_WARN_64_TO_32_BIT_CONVERSION = YES;
				GCC_WARN_ABOUT_RETURN_TYPE = YES_ERROR;
				GCC_WARN_UNDECLARED_SELECTOR = YES;
				GCC_WARN_UNINITIALIZED_AUTOS = YES_AGGRESSIVE;
				GCC_WARN_UNUSED_FUNCTION = YES;
				GCC_WARN_UNUSED_VARIABLE = YES;
				IPHONEOS_DEPLOYMENT_TARGET = 15.4;
				MTL_ENABLE_DEBUG_INFO = INCLUDE_SOURCE;
				MTL_FAST_MATH = YES;
				ONLY_ACTIVE_ARCH = YES;
				SDKROOT = iphoneos;
				SWIFT_ACTIVE_COMPILATION_CONDITIONS = DEBUG;
				SWIFT_OPTIMIZATION_LEVEL = "-Onone";
			};
			name = Debug;
		};
		AA4A06D827EF52740085B4A9 /* Release */ = {
			isa = XCBuildConfiguration;
			buildSettings = {
				ALWAYS_SEARCH_USER_PATHS = NO;
				CLANG_ANALYZER_NONNULL = YES;
				CLANG_ANALYZER_NUMBER_OBJECT_CONVERSION = YES_AGGRESSIVE;
				CLANG_CXX_LANGUAGE_STANDARD = "gnu++17";
				CLANG_ENABLE_MODULES = YES;
				CLANG_ENABLE_OBJC_ARC = YES;
				CLANG_ENABLE_OBJC_WEAK = YES;
				CLANG_WARN_BLOCK_CAPTURE_AUTORELEASING = YES;
				CLANG_WARN_BOOL_CONVERSION = YES;
				CLANG_WARN_COMMA = YES;
				CLANG_WARN_CONSTANT_CONVERSION = YES;
				CLANG_WARN_DEPRECATED_OBJC_IMPLEMENTATIONS = YES;
				CLANG_WARN_DIRECT_OBJC_ISA_USAGE = YES_ERROR;
				CLANG_WARN_DOCUMENTATION_COMMENTS = YES;
				CLANG_WARN_EMPTY_BODY = YES;
				CLANG_WARN_ENUM_CONVERSION = YES;
				CLANG_WARN_INFINITE_RECURSION = YES;
				CLANG_WARN_INT_CONVERSION = YES;
				CLANG_WARN_NON_LITERAL_NULL_CONVERSION = YES;
				CLANG_WARN_OBJC_IMPLICIT_RETAIN_SELF = YES;
				CLANG_WARN_OBJC_LITERAL_CONVERSION = YES;
				CLANG_WARN_OBJC_ROOT_CLASS = YES_ERROR;
				CLANG_WARN_QUOTED_INCLUDE_IN_FRAMEWORK_HEADER = YES;
				CLANG_WARN_RANGE_LOOP_ANALYSIS = YES;
				CLANG_WARN_STRICT_PROTOTYPES = YES;
				CLANG_WARN_SUSPICIOUS_MOVE = YES;
				CLANG_WARN_UNGUARDED_AVAILABILITY = YES_AGGRESSIVE;
				CLANG_WARN_UNREACHABLE_CODE = YES;
				CLANG_WARN__DUPLICATE_METHOD_MATCH = YES;
				COPY_PHASE_STRIP = NO;
				DEBUG_INFORMATION_FORMAT = "dwarf-with-dsym";
				ENABLE_NS_ASSERTIONS = NO;
				ENABLE_STRICT_OBJC_MSGSEND = YES;
				GCC_C_LANGUAGE_STANDARD = gnu11;
				GCC_NO_COMMON_BLOCKS = YES;
				GCC_WARN_64_TO_32_BIT_CONVERSION = YES;
				GCC_WARN_ABOUT_RETURN_TYPE = YES_ERROR;
				GCC_WARN_UNDECLARED_SELECTOR = YES;
				GCC_WARN_UNINITIALIZED_AUTOS = YES_AGGRESSIVE;
				GCC_WARN_UNUSED_FUNCTION = YES;
				GCC_WARN_UNUSED_VARIABLE = YES;
				IPHONEOS_DEPLOYMENT_TARGET = 15.4;
				MTL_ENABLE_DEBUG_INFO = NO;
				MTL_FAST_MATH = YES;
				SDKROOT = iphoneos;
				SWIFT_COMPILATION_MODE = wholemodule;
				SWIFT_OPTIMIZATION_LEVEL = "-O";
				VALIDATE_PRODUCT = YES;
			};
			name = Release;
		};
		AA4A06DA27EF52740085B4A9 /* Debug */ = {
			isa = XCBuildConfiguration;
			buildSettings = {
				ASSETCATALOG_COMPILER_APPICON_NAME = AppIcon;
				ASSETCATALOG_COMPILER_GLOBAL_ACCENT_COLOR_NAME = AccentColor;
				CODE_SIGN_ENTITLEMENTS = PodTube.entitlements;
				CODE_SIGN_STYLE = Automatic;
				CURRENT_PROJECT_VERSION = 1;
				DEVELOPMENT_ASSET_PATHS = "\"Music Reborn/Preview Content\"";
				DEVELOPMENT_TEAM = 9Q5DU84SYV;
				ENABLE_PREVIEWS = YES;
				GENERATE_INFOPLIST_FILE = YES;
				INFOPLIST_FILE = "Music-Reborn-Info.plist";
				INFOPLIST_KEY_UIApplicationSupportsIndirectInputEvents = YES;
				INFOPLIST_KEY_UILaunchScreen_Generation = YES;
				INFOPLIST_KEY_UISupportedInterfaceOrientations = UIInterfaceOrientationPortrait;
				INFOPLIST_KEY_UISupportedInterfaceOrientations_iPad = "UIInterfaceOrientationPortrait UIInterfaceOrientationPortraitUpsideDown UIInterfaceOrientationLandscapeLeft UIInterfaceOrientationLandscapeRight";
				INFOPLIST_KEY_UISupportedInterfaceOrientations_iPhone = "UIInterfaceOrientationPortrait UIInterfaceOrientationLandscapeLeft UIInterfaceOrientationLandscapeRight";
				"IPHONEOS_DEPLOYMENT_TARGET[sdk=macosx*]" = 15.3;
				LD_RUNPATH_SEARCH_PATHS = (
					"$(inherited)",
					"@executable_path/Frameworks",
				);
				MARKETING_VERSION = 1.0;
				PRODUCT_BUNDLE_IDENTIFIER = "com.llsc12.Music-Reborn";
				PRODUCT_NAME = "$(TARGET_NAME)";
				SUPPORTS_MACCATALYST = YES;
				SUPPORTS_MAC_DESIGNED_FOR_IPHONE_IPAD = NO;
				SWIFT_EMIT_LOC_STRINGS = YES;
				SWIFT_VERSION = 5.0;
				TARGETED_DEVICE_FAMILY = "1,2";
			};
			name = Debug;
		};
		AA4A06DB27EF52740085B4A9 /* Release */ = {
			isa = XCBuildConfiguration;
			buildSettings = {
				ASSETCATALOG_COMPILER_APPICON_NAME = AppIcon;
				ASSETCATALOG_COMPILER_GLOBAL_ACCENT_COLOR_NAME = AccentColor;
				CODE_SIGN_ENTITLEMENTS = PodTube.entitlements;
				CODE_SIGN_STYLE = Automatic;
				CURRENT_PROJECT_VERSION = 1;
				DEVELOPMENT_ASSET_PATHS = "\"Music Reborn/Preview Content\"";
				DEVELOPMENT_TEAM = 9Q5DU84SYV;
				ENABLE_PREVIEWS = YES;
				GENERATE_INFOPLIST_FILE = YES;
				INFOPLIST_FILE = "Music-Reborn-Info.plist";
				INFOPLIST_KEY_UIApplicationSupportsIndirectInputEvents = YES;
				INFOPLIST_KEY_UILaunchScreen_Generation = YES;
				INFOPLIST_KEY_UISupportedInterfaceOrientations = UIInterfaceOrientationPortrait;
				INFOPLIST_KEY_UISupportedInterfaceOrientations_iPad = "UIInterfaceOrientationPortrait UIInterfaceOrientationPortraitUpsideDown UIInterfaceOrientationLandscapeLeft UIInterfaceOrientationLandscapeRight";
				INFOPLIST_KEY_UISupportedInterfaceOrientations_iPhone = "UIInterfaceOrientationPortrait UIInterfaceOrientationLandscapeLeft UIInterfaceOrientationLandscapeRight";
				"IPHONEOS_DEPLOYMENT_TARGET[sdk=macosx*]" = 15.3;
				LD_RUNPATH_SEARCH_PATHS = (
					"$(inherited)",
					"@executable_path/Frameworks",
				);
				MARKETING_VERSION = 1.0;
				PRODUCT_BUNDLE_IDENTIFIER = "com.llsc12.Music-Reborn";
				PRODUCT_NAME = "$(TARGET_NAME)";
				SUPPORTS_MACCATALYST = YES;
				SUPPORTS_MAC_DESIGNED_FOR_IPHONE_IPAD = NO;
				SWIFT_EMIT_LOC_STRINGS = YES;
				SWIFT_VERSION = 5.0;
				TARGETED_DEVICE_FAMILY = "1,2";
			};
			name = Release;
		};
/* End XCBuildConfiguration section */

/* Begin XCConfigurationList section */
		AA4A06C627EF52720085B4A9 /* Build configuration list for PBXProject "PodTube" */ = {
			isa = XCConfigurationList;
			buildConfigurations = (
				AA4A06D727EF52740085B4A9 /* Debug */,
				AA4A06D827EF52740085B4A9 /* Release */,
			);
			defaultConfigurationIsVisible = 0;
			defaultConfigurationName = Release;
		};
		AA4A06D927EF52740085B4A9 /* Build configuration list for PBXNativeTarget "PodTube" */ = {
			isa = XCConfigurationList;
			buildConfigurations = (
				AA4A06DA27EF52740085B4A9 /* Debug */,
				AA4A06DB27EF52740085B4A9 /* Release */,
			);
			defaultConfigurationIsVisible = 0;
			defaultConfigurationName = Release;
		};
/* End XCConfigurationList section */

/* Begin XCRemoteSwiftPackageReference section */
		AA4A06DE27EF55B50085B4A9 /* XCRemoteSwiftPackageReference "SDWebImageSwiftUI" */ = {
			isa = XCRemoteSwiftPackageReference;
			repositoryURL = "https://github.com/SDWebImage/SDWebImageSwiftUI";
			requirement = {
				kind = upToNextMajorVersion;
				minimumVersion = 2.0.0;
			};
		};
		AA4A06E427EF55F70085B4A9 /* XCRemoteSwiftPackageReference "Alamofire" */ = {
			isa = XCRemoteSwiftPackageReference;
			repositoryURL = "https://github.com/Alamofire/Alamofire";
			requirement = {
				branch = master;
				kind = branch;
			};
		};
		AACB2B7A27F3B42B004BE478 /* XCRemoteSwiftPackageReference "YouTubeKit" */ = {
			isa = XCRemoteSwiftPackageReference;
			repositoryURL = "http://github.com/alexeichhorn/YouTubeKit";
			requirement = {
				branch = main;
				kind = branch;
			};
		};
/* End XCRemoteSwiftPackageReference section */

/* Begin XCSwiftPackageProductDependency section */
		AA4A06DF27EF55B50085B4A9 /* SDWebImageSwiftUI */ = {
			isa = XCSwiftPackageProductDependency;
			package = AA4A06DE27EF55B50085B4A9 /* XCRemoteSwiftPackageReference "SDWebImageSwiftUI" */;
			productName = SDWebImageSwiftUI;
		};
		AA4A06E527EF55F70085B4A9 /* Alamofire */ = {
			isa = XCSwiftPackageProductDependency;
			package = AA4A06E427EF55F70085B4A9 /* XCRemoteSwiftPackageReference "Alamofire" */;
			productName = Alamofire;
		};
		AACB2B7B27F3B42B004BE478 /* YouTubeKit */ = {
			isa = XCSwiftPackageProductDependency;
			package = AACB2B7A27F3B42B004BE478 /* XCRemoteSwiftPackageReference "YouTubeKit" */;
			productName = YouTubeKit;
		};
/* End XCSwiftPackageProductDependency section */
	};
	rootObject = AA4A06C327EF52720085B4A9 /* Project object */;
}
